
Microsoft Visual Studio Solution File, Format Version 12.00
# Visual Studio 14
VisualStudioVersion = 14.0.25420.1
MinimumVisualStudioVersion = 10.0.40219.1
Project("{E24C65DC-7377-472B-9ABA-BC803B73C61A}") = "okasion", "..\..\WebSites\okasion\", "{9077C2BF-3B42-41AD-8FD2-900CEF5D7178}"
	ProjectSection(WebsiteProperties) = preProject
		TargetFrameworkMoniker = ".NETFramework,Version%3Dv4.5.2"
		Debug.AspNetCompiler.VirtualPath = "/localhost_58562"
		Debug.AspNetCompiler.PhysicalPath = "..\..\WebSites\okasion\"
		Debug.AspNetCompiler.TargetPath = "PrecompiledWeb\localhost_58562\"
		Debug.AspNetCompiler.Updateable = "true"
		Debug.AspNetCompiler.ForceOverwrite = "true"
		Debug.AspNetCompiler.FixedNames = "false"
		Debug.AspNetCompiler.Debug = "True"
		Release.AspNetCompiler.VirtualPath = "/localhost_58562"
		Release.AspNetCompiler.PhysicalPath = "..\..\WebSites\okasion\"
		Release.AspNetCompiler.TargetPath = "PrecompiledWeb\localhost_58562\"
		Release.AspNetCompiler.Updateable = "true"
		Release.AspNetCompiler.ForceOverwrite = "true"
		Release.AspNetCompiler.FixedNames = "false"
		Release.AspNetCompiler.Debug = "False"
		VWDPort = "58562"
		SlnRelativePath = "..\..\WebSites\okasion\"
		DefaultWebSiteLanguage = "Visual C#"
	EndProjectSection
EndProject
Global
	GlobalSection(SolutionConfigurationPlatforms) = preSolution
		Debug|Any CPU = Debug|Any CPU
	EndGlobalSection
	GlobalSection(ProjectConfigurationPlatforms) = postSolution
		{9077C2BF-3B42-41AD-8FD2-900CEF5D7178}.Debug|Any CPU.ActiveCfg = Debug|Any CPU
		{9077C2BF-3B42-41AD-8FD2-900CEF5D7178}.Debug|Any CPU.Build.0 = Debug|Any CPU
	EndGlobalSection
	GlobalSection(SolutionProperties) = preSolution
		HideSolutionNode = FALSE
	EndGlobalSection
EndGlobal
